{
  "name": "WDS Maintainance",
  "lockfileVersion": 3,
  "requires": true,
  "packages": {
    "": {
      "dependencies": {
        "html2canvas": "^1.4.1",
        "posthog-js": "^1.364.1",
        "rrweb": "^2.0.0-alpha.4",
        "rrweb-player": "^1.0.0-alpha.4"
      }
    },
    "node_modules/@opentelemetry/api": {
      "version": "1.9.1",
      "resolved": "https://registry.npmjs.org/@opentelemetry/api/-/api-1.9.1.tgz",
      "integrity": "sha512-gLyJlPHPZYdAk1JENA9LeHejZe1Ti77/pTeFm/nMXmQH/HFZlcS/O2XJB+L8fkbrNSqhdtlvjBVjxwUYanNH5Q==",
      "license": "Apache-2.0",
      "engines": {
        "node": ">=8.0.0"
      }
    },
    "node_modules/@opentelemetry/api-logs": {
      "version": "0.208.0",
      "resolved": "https://registry.npmjs.org/@opentelemetry/api-logs/-/api-logs-0.208.0.tgz",
      "integrity": "sha512-CjruKY9V6NMssL/T1kAFgzosF1v9o6oeN+aX5JB/C/xPNtmgIJqcXHG7fA82Ou1zCpWGl4lROQUKwUNE1pMCyg==",
      "license": "Apache-2.0",
      "dependencies": {
        "@opentelemetry/api": "^1.3.0"
      },
      "engines": {
        "node": ">=8.0.0"
      }
    },
    "node_modules/@opentelemetry/core": {
      "version": "2.2.0",
      "resolved": "https://registry.npmjs.org/@opentelemetry/core/-/core-2.2.0.tgz",
      "integrity": "sha512-FuabnnUm8LflnieVxs6eP7Z383hgQU4W1e3KJS6aOG3RxWxcHyBxH8fDMHNgu/gFx/M2jvTOW/4/PHhLz6bjWw==",
      "license": "Apache-2.0",
      "dependencies": {
        "@opentelemetry/semantic-conventions": "^1.29.0"
      },
      "engines": {
        "node": "^18.19.0 || >=20.6.0"
      },
      "peerDependencies": {
        "@opentelemetry/api": ">=1.0.0 <1.10.0"
      }
    },
    "node_modules/@opentelemetry/exporter-logs-otlp-http": {
      "version": "0.208.0",
      "resolved": "https://registry.npmjs.org/@opentelemetry/exporter-logs-otlp-http/-/exporter-logs-otlp-http-0.208.0.tgz",
      "integrity": "sha512-jOv40Bs9jy9bZVLo/i8FwUiuCvbjWDI+ZW13wimJm4LjnlwJxGgB+N/VWOZUTpM+ah/awXeQqKdNlpLf2EjvYg==",
      "license": "Apache-2.0",
      "dependencies": {
        "@opentelemetry/api-logs": "0.208.0",
        "@opentelemetry/core": "2.2.0",
        "@opentelemetry/otlp-exporter-base": "0.208.0",
        "@opentelemetry/otlp-transformer": "0.208.0",
        "@opentelemetry/sdk-logs": "0.208.0"
      },
      "engines": {
        "node": "^18.19.0 || >=20.6.0"
      },
      "peerDependencies": {
        "@opentelemetry/api": "^1.3.0"
      }
    },
    "node_modules/@opentelemetry/otlp-exporter-base": {
      "version": "0.208.0",
      "resolved": "https://registry.npmjs.org/@opentelemetry/otlp-exporter-base/-/otlp-exporter-base-0.208.0.tgz",
      "integrity": "sha512-gMd39gIfVb2OgxldxUtOwGJYSH8P1kVFFlJLuut32L6KgUC4gl1dMhn+YC2mGn0bDOiQYSk/uHOdSjuKp58vvA==",
      "license": "Apache-2.0",
      "dependencies": {
        "@opentelemetry/core": "2.2.0",
        "@opentelemetry/otlp-transformer": "0.208.0"
      },
      "engines": {
        "node": "^18.19.0 || >=20.6.0"
      },
      "peerDependencies": {
        "@opentelemetry/api": "^1.3.0"
      }
    },
    "node_modules/@opentelemetry/otlp-transformer": {
      "version": "0.208.0",
      "resolved": "https://registry.npmjs.org/@opentelemetry/otlp-transformer/-/otlp-transformer-0.208.0.tgz",
      "integrity": "sha512-DCFPY8C6lAQHUNkzcNT9R+qYExvsk6C5Bto2pbNxgicpcSWbe2WHShLxkOxIdNcBiYPdVHv/e7vH7K6TI+C+fQ==",
      "license": "Apache-2.0",
      "dependencies": {
        "@opentelemetry/api-logs": "0.208.0",
        "@opentelemetry/core": "2.2.0",
        "@opentelemetry/resources": "2.2.0",
        "@opentelemetry/sdk-logs": "0.208.0",
        "@opentelemetry/sdk-metrics": "2.2.0",
        "@opentelemetry/sdk-trace-base": "2.2.0",
        "protobufjs": "^7.3.0"
      },
      "engines": {
        "node": "^18.19.0 || >=20.6.0"
      },
      "peerDependencies": {
        "@opentelemetry/api": "^1.3.0"
      }
    },
    "node_modules/@opentelemetry/otlp-transformer/node_modules/@opentelemetry/resources": {
      "version": "2.2.0",
      "resolved": "https://registry.npmjs.org/@opentelemetry/resources/-/resources-2.2.0.tgz",
      "integrity": "sha512-1pNQf/JazQTMA0BiO5NINUzH0cbLbbl7mntLa4aJNmCCXSj0q03T5ZXXL0zw4G55TjdL9Tz32cznGClf+8zr5A==",
      "license": "Apache-2.0",
      "dependencies": {
        "@opentelemetry/core": "2.2.0",
        "@opentelemetry/semantic-conventions": "^1.29.0"
      },
      "engines": {
        "node": "^18.19.0 || >=20.6.0"
      },
      "peerDependencies": {
        "@opentelemetry/api": ">=1.3.0 <1.10.0"
      }
    },
    "node_modules/@opentelemetry/resources": {
      "version": "2.6.1",
      "resolved": "https://registry.npmjs.org/@opentelemetry/resources/-/resources-2.6.1.tgz",
      "integrity": "sha512-lID/vxSuKWXM55XhAKNoYXu9Cutoq5hFdkbTdI/zDKQktXzcWBVhNsOkiZFTMU9UtEWuGRNe0HUgmsFldIdxVA==",
      "license": "Apache-2.0",
      "dependencies": {
        "@opentelemetry/core": "2.6.1",
        "@opentelemetry/semantic-conventions": "^1.29.0"
      },
      "engines": {
        "node": "^18.19.0 || >=20.6.0"
      },
      "peerDependencies": {
        "@opentelemetry/api": ">=1.3.0 <1.10.0"
      }
    },
    "node_modules/@opentelemetry/resources/node_modules/@opentelemetry/core": {
      "version": "2.6.1",
      "resolved": "https://registry.npmjs.org/@opentelemetry/core/-/core-2.6.1.tgz",
      "integrity": "sha512-8xHSGWpJP9wBxgBpnqGL0R3PbdWQndL1Qp50qrg71+B28zK5OQmUgcDKLJgzyAAV38t4tOyLMGDD60LneR5W8g==",
      "license": "Apache-2.0",
      "dependencies": {
        "@opentelemetry/semantic-conventions": "^1.29.0"
      },
      "engines": {
        "node": "^18.19.0 || >=20.6.0"
      },
      "peerDependencies": {
        "@opentelemetry/api": ">=1.0.0 <1.10.0"
      }
    },
    "node_modules/@opentelemetry/sdk-logs": {
      "version": "0.208.0",
      "resolved": "https://registry.npmjs.org/@opentelemetry/sdk-logs/-/sdk-logs-0.208.0.tgz",
      "integrity": "sha512-QlAyL1jRpOeaqx7/leG1vJMp84g0xKP6gJmfELBpnI4O/9xPX+Hu5m1POk9Kl+veNkyth5t19hRlN6tNY1sjbA==",
      "license": "Apache-2.0",
      "dependencies": {
        "@opentelemetry/api-logs": "0.208.0",
        "@opentelemetry/core": "2.2.0",
        "@opentelemetry/resources": "2.2.0"
      },
      "engines": {
        "node": "^18.19.0 || >=20.6.0"
      },
      "peerDependencies": {
        "@opentelemetry/api": ">=1.4.0 <1.10.0"
      }
    },
    "node_modules/@opentelemetry/sdk-logs/node_modules/@opentelemetry/resources": {
      "version": "2.2.0",
      "resolved": "https://registry.npmjs.org/@opentelemetry/resources/-/resources-2.2.0.tgz",
      "integrity": "sha512-1pNQf/JazQTMA0BiO5NINUzH0cbLbbl7mntLa4aJNmCCXSj0q03T5ZXXL0zw4G55TjdL9Tz32cznGClf+8zr5A==",
      "license": "Apache-2.0",
      "dependencies": {
        "@opentelemetry/core": "2.2.0",
        "@opentelemetry/semantic-conventions": "^1.29.0"
      },
      "engines": {
        "node": "^18.19.0 || >=20.6.0"
      },
      "peerDependencies": {
        "@opentelemetry/api": ">=1.3.0 <1.10.0"
      }
    },
    "node_modules/@opentelemetry/sdk-metrics": {
      "version": "2.2.0",
      "resolved": "https://registry.npmjs.org/@opentelemetry/sdk-metrics/-/sdk-metrics-2.2.0.tgz",
      "integrity": "sha512-G5KYP6+VJMZzpGipQw7Giif48h6SGQ2PFKEYCybeXJsOCB4fp8azqMAAzE5lnnHK3ZVwYQrgmFbsUJO/zOnwGw==",
      "license": "Apache-2.0",
      "dependencies": {
        "@opentelemetry/core": "2.2.0",
        "@opentelemetry/resources": "2.2.0"
      },
      "engines": {
        "node": "^18.19.0 || >=20.6.0"
      },
      "peerDependencies": {
        "@opentelemetry/api": ">=1.9.0 <1.10.0"
      }
    },
    "node_modules/@opentelemetry/sdk-metrics/node_modules/@opentelemetry/resources": {
      "version": "2.2.0",
      "resolved": "https://registry.npmjs.org/@opentelemetry/resources/-/resources-2.2.0.tgz",
      "integrity": "sha512-1pNQf/JazQTMA0BiO5NINUzH0cbLbbl7mntLa4aJNmCCXSj0q03T5ZXXL0zw4G55TjdL9Tz32cznGClf+8zr5A==",
      "license": "Apache-2.0",
      "dependencies": {
        "@opentelemetry/core": "2.2.0",
        "@opentelemetry/semantic-conventions": "^1.29.0"
      },
      "engines": {
        "node": "^18.19.0 || >=20.6.0"
      },
      "peerDependencies": {
        "@opentelemetry/api": ">=1.3.0 <1.10.0"
      }
    },
    "node_modules/@opentelemetry/sdk-trace-base": {
      "version": "2.2.0",
      "resolved": "https://registry.npmjs.org/@opentelemetry/sdk-trace-base/-/sdk-trace-base-2.2.0.tgz",
      "integrity": "sha512-xWQgL0Bmctsalg6PaXExmzdedSp3gyKV8mQBwK/j9VGdCDu2fmXIb2gAehBKbkXCpJ4HPkgv3QfoJWRT4dHWbw==",
      "license": "Apache-2.0",
      "dependencies": {
        "@opentelemetry/core": "2.2.0",
        "@opentelemetry/resources": "2.2.0",
        "@opentelemetry/semantic-conventions": "^1.29.0"
      },
      "engines": {
        "node": "^18.19.0 || >=20.6.0"
      },
      "peerDependencies": {
        "@opentelemetry/api": ">=1.3.0 <1.10.0"
      }
    },
    "node_modules/@opentelemetry/sdk-trace-base/node_modules/@opentelemetry/resources": {
      "version": "2.2.0",
      "resolved": "https://registry.npmjs.org/@opentelemetry/resources/-/resources-2.2.0.tgz",
      "integrity": "sha512-1pNQf/JazQTMA0BiO5NINUzH0cbLbbl7mntLa4aJNmCCXSj0q03T5ZXXL0zw4G55TjdL9Tz32cznGClf+8zr5A==",
      "license": "Apache-2.0",
      "dependencies": {
        "@opentelemetry/core": "2.2.0",
        "@opentelemetry/semantic-conventions": "^1.29.0"
      },
      "engines": {
        "node": "^18.19.0 || >=20.6.0"
      },
      "peerDependencies": {
        "@opentelemetry/api": ">=1.3.0 <1.10.0"
      }
    },
    "node_modules/@opentelemetry/semantic-conventions": {
      "version": "1.40.0",
      "resolved": "https://registry.npmjs.org/@opentelemetry/semantic-conventions/-/semantic-conventions-1.40.0.tgz",
      "integrity": "sha512-cifvXDhcqMwwTlTK04GBNeIe7yyo28Mfby85QXFe1Yk8nmi36Ab/5UQwptOx84SsoGNRg+EVSjwzfSZMy6pmlw==",
      "license": "Apache-2.0",
      "engines": {
        "node": ">=14"
      }
    },
    "node_modules/@posthog/core": {
      "version": "1.24.3",
      "resolved": "https://registry.npmjs.org/@posthog/core/-/core-1.24.3.tgz",
      "integrity": "sha512-nTyL1R/8V5vfdH37MbjXDYWFnUoxVijb2TnfJSNHz0+RBLtNnq0hNnBDCwWLl5yh1bzeJBYTT8UF+dV7D8y03w==",
      "license": "MIT",
      "dependencies": {
        "cross-spawn": "^7.0.6"
      }
    },
    "node_modules/@posthog/types": {
      "version": "1.364.1",
      "resolved": "https://registry.npmjs.org/@posthog/types/-/types-1.364.1.tgz",
      "integrity": "sha512-COB9L+EF9gqGTcK06392yCPC1mbPtqStguFLDin57dxekJM6uwygfxciBi6f6XoFiNEkACpykZYIgjgk5FsuaQ==",
      "license": "MIT"
    },
    "node_modules/@protobufjs/aspromise": {
      "version": "1.1.2",
      "resolved": "https://registry.npmjs.org/@protobufjs/aspromise/-/aspromise-1.1.2.tgz",
      "integrity": "sha512-j+gKExEuLmKwvz3OgROXtrJ2UG2x8Ch2YZUxahh+s1F2HZ+wAceUNLkvy6zKCPVRkU++ZWQrdxsUeQXmcg4uoQ==",
      "license": "BSD-3-Clause"
    },
    "node_modules/@protobufjs/base64": {
      "version": "1.1.2",
      "resolved": "https://registry.npmjs.org/@protobufjs/base64/-/base64-1.1.2.tgz",
      "integrity": "sha512-AZkcAA5vnN/v4PDqKyMR5lx7hZttPDgClv83E//FMNhR2TMcLUhfRUBHCmSl0oi9zMgDDqRUJkSxO3wm85+XLg==",
      "license": "BSD-3-Clause"
    },
    "node_modules/@protobufjs/codegen": {
      "version": "2.0.4",
      "resolved": "https://registry.npmjs.org/@protobufjs/codegen/-/codegen-2.0.4.tgz",
      "integrity": "sha512-YyFaikqM5sH0ziFZCN3xDC7zeGaB/d0IUb9CATugHWbd1FRFwWwt4ld4OYMPWu5a3Xe01mGAULCdqhMlPl29Jg==",
      "license": "BSD-3-Clause"
    },
    "node_modules/@protobufjs/eventemitter": {
      "version": "1.1.0",
      "resolved": "https://registry.npmjs.org/@protobufjs/eventemitter/-/eventemitter-1.1.0.tgz",
      "integrity": "sha512-j9ednRT81vYJ9OfVuXG6ERSTdEL1xVsNgqpkxMsbIabzSo3goCjDIveeGv5d03om39ML71RdmrGNjG5SReBP/Q==",
      "license": "BSD-3-Clause"
    },
    "node_modules/@protobufjs/fetch": {
      "version": "1.1.0",
      "resolved": "https://registry.npmjs.org/@protobufjs/fetch/-/fetch-1.1.0.tgz",
      "integrity": "sha512-lljVXpqXebpsijW71PZaCYeIcE5on1w5DlQy5WH6GLbFryLUrBD4932W/E2BSpfRJWseIL4v/KPgBFxDOIdKpQ==",
      "license": "BSD-3-Clause",
      "dependencies": {
        "@protobufjs/aspromise": "^1.1.1",
        "@protobufjs/inquire": "^1.1.0"
      }
    },
    "node_modules/@protobufjs/float": {
      "version": "1.0.2",
      "resolved": "https://registry.npmjs.org/@protobufjs/float/-/float-1.0.2.tgz",
      "integrity": "sha512-Ddb+kVXlXst9d+R9PfTIxh1EdNkgoRe5tOX6t01f1lYWOvJnSPDBlG241QLzcyPdoNTsblLUdujGSE4RzrTZGQ==",
      "license": "BSD-3-Clause"
    },
    "node_modules/@protobufjs/inquire": {
      "version": "1.1.0",
      "resolved": "https://registry.npmjs.org/@protobufjs/inquire/-/inquire-1.1.0.tgz",
      "integrity": "sha512-kdSefcPdruJiFMVSbn801t4vFK7KB/5gd2fYvrxhuJYg8ILrmn9SKSX2tZdV6V+ksulWqS7aXjBcRXl3wHoD9Q==",
      "license": "BSD-3-Clause"
    },
    "node_modules/@protobufjs/path": {
      "version": "1.1.2",
      "resolved": "https://registry.npmjs.org/@protobufjs/path/-/path-1.1.2.tgz",
      "integrity": "sha512-6JOcJ5Tm08dOHAbdR3GrvP+yUUfkjG5ePsHYczMFLq3ZmMkAD98cDgcT2iA1lJ9NVwFd4tH/iSSoe44YWkltEA==",
      "license": "BSD-3-Clause"
    },
    "node_modules/@protobufjs/pool": {
      "version": "1.1.0",
      "resolved": "https://registry.npmjs.org/@protobufjs/pool/-/pool-1.1.0.tgz",
      "integrity": "sha512-0kELaGSIDBKvcgS4zkjz1PeddatrjYcmMWOlAuAPwAeccUrPHdUqo/J6LiymHHEiJT5NrF1UVwxY14f+fy4WQw==",
      "license": "BSD-3-Clause"
    },
    "node_modules/@protobufjs/utf8": {
      "version": "1.1.0",
      "resolved": "https://registry.npmjs.org/@protobufjs/utf8/-/utf8-1.1.0.tgz",
      "integrity": "sha512-Vvn3zZrhQZkkBE8LSuW3em98c0FwgO4nxzv6OdSxPKJIEKY2bGbHn+mhGIPerzI4twdxaP8/0+06HBpwf345Lw==",
      "license": "BSD-3-Clause"
    },
    "node_modules/@rrweb/types": {
      "version": "2.0.0-alpha.20",
      "resolved": "https://registry.npmjs.org/@rrweb/types/-/types-2.0.0-alpha.20.tgz",
      "integrity": "sha512-RbnDgKxA/odwB1R4gF7eUUj+rdSrq6ROQJsnMw7MIsGzlbSYvJeZN8YY4XqU0G6sKJvXI6bSzk7w/G94jNwzhw==",
      "license": "MIT"
    },
    "node_modules/@tsconfig/svelte": {
      "version": "1.0.13",
      "resolved": "https://registry.npmjs.org/@tsconfig/svelte/-/svelte-1.0.13.tgz",
      "integrity": "sha512-5lYJP45Xllo4yE/RUBccBT32eBlRDbqN8r1/MIvQbKxW3aFqaYPCNgm8D5V20X4ShHcwvYWNlKg3liDh1MlBoA==",
      "license": "MIT"
    },
    "node_modules/@types/css-font-loading-module": {
      "version": "0.0.7",
      "resolved": "https://registry.npmjs.org/@types/css-font-loading-module/-/css-font-loading-module-0.0.7.tgz",
      "integrity": "sha512-nl09VhutdjINdWyXxHWN/w9zlNCfr60JUqJbd24YXUuCwgeL0TpFSdElCwb6cxfB6ybE19Gjj4g0jsgkXxKv1Q==",
      "license": "MIT"
    },
    "node_modules/@types/node": {
      "version": "25.5.0",
      "resolved": "https://registry.npmjs.org/@types/node/-/node-25.5.0.tgz",
      "integrity": "sha512-jp2P3tQMSxWugkCUKLRPVUpGaL5MVFwF8RDuSRztfwgN1wmqJeMSbKlnEtQqU8UrhTmzEmZdu2I6v2dpp7XIxw==",
      "license": "MIT",
      "dependencies": {
        "undici-types": "~7.18.0"
      }
    },
    "node_modules/@types/trusted-types": {
      "version": "2.0.7",
      "resolved": "https://registry.npmjs.org/@types/trusted-types/-/trusted-types-2.0.7.tgz",
      "integrity": "sha512-ScaPdn1dQczgbl0QFTeTOmVHFULt394XJgOQNoyVhZ6r2vLnMLJfBPd53SB52T/3G36VI1/g2MZaX0cwDuXsfw==",
      "license": "MIT",
      "optional": true
    },
    "node_modules/@xstate/fsm": {
      "version": "1.6.5",
      "resolved": "https://registry.npmjs.org/@xstate/fsm/-/fsm-1.6.5.tgz",
      "integrity": "sha512-b5o1I6aLNeYlU/3CPlj/Z91ybk1gUsKT+5NAJI+2W4UjvS5KLG28K9v5UvNoFVjHV8PajVZ00RH3vnjyQO7ZAw==",
      "license": "MIT"
    },
    "node_modules/base64-arraybuffer": {
      "version": "1.0.2",
      "resolved": "https://registry.npmjs.org/base64-arraybuffer/-/base64-arraybuffer-1.0.2.tgz",
      "integrity": "sha512-I3yl4r9QB5ZRY3XuJVEPfc2XhZO6YweFPI+UovAzn+8/hb3oJ6lnysaFcjVpkCPfVWFUDvoZ8kmVDP7WyRtYtQ==",
      "license": "MIT",
      "engines": {
        "node": ">= 0.6.0"
      }
    },
    "node_modules/core-js": {
      "version": "3.49.0",
      "resolved": "https://registry.npmjs.org/core-js/-/core-js-3.49.0.tgz",
      "integrity": "sha512-es1U2+YTtzpwkxVLwAFdSpaIMyQaq0PBgm3YD1W3Qpsn1NAmO3KSgZfu+oGSWVu6NvLHoHCV/aYcsE5wiB7ALg==",
      "hasInstallScript": true,
      "license": "MIT",
      "funding": {
        "type": "opencollective",
        "url": "https://opencollective.com/core-js"
      }
    },
    "node_modules/cross-spawn": {
      "version": "7.0.6",
      "resolved": "https://registry.npmjs.org/cross-spawn/-/cross-spawn-7.0.6.tgz",
      "integrity": "sha512-uV2QOWP2nWzsy2aMp8aRibhi9dlzF5Hgh5SHaB9OiTGEyDTiJJyx0uy51QXdyWbtAHNua4XJzUKca3OzKUd3vA==",
      "license": "MIT",
      "dependencies": {
        "path-key": "^3.1.0",
        "shebang-command": "^2.0.0",
        "which": "^2.0.1"
      },
      "engines": {
        "node": ">= 8"
      }
    },
    "node_modules/css-line-break": {
      "version": "2.1.0",
      "resolved": "https://registry.npmjs.org/css-line-break/-/css-line-break-2.1.0.tgz",
      "integrity": "sha512-FHcKFCZcAha3LwfVBhCQbW2nCNbkZXn7KVUJcsT5/P8YmfsVja0FMPJr0B903j/E69HUphKiV9iQArX8SDYA4w==",
      "license": "MIT",
      "dependencies": {
        "utrie": "^1.0.2"
      }
    },
    "node_modules/dompurify": {
      "version": "3.3.3",
      "resolved": "https://registry.npmjs.org/dompurify/-/dompurify-3.3.3.tgz",
      "integrity": "sha512-Oj6pzI2+RqBfFG+qOaOLbFXLQ90ARpcGG6UePL82bJLtdsa6CYJD7nmiU8MW9nQNOtCHV3lZ/Bzq1X0QYbBZCA==",
      "license": "(MPL-2.0 OR Apache-2.0)",
      "optionalDependencies": {
        "@types/trusted-types": "^2.0.7"
      }
    },
    "node_modules/fflate": {
      "version": "0.4.8",
      "resolved": "https://registry.npmjs.org/fflate/-/fflate-0.4.8.tgz",
      "integrity": "sha512-FJqqoDBR00Mdj9ppamLa/Y7vxm+PRmNWA67N846RvsoYVMKB4q3y/de5PA7gUmRMYK/8CMz2GDZQmCRN1wBcWA==",
      "license": "MIT"
    },
    "node_modules/html2canvas": {
      "version": "1.4.1",
      "resolved": "https://registry.npmjs.org/html2canvas/-/html2canvas-1.4.1.tgz",
      "integrity": "sha512-fPU6BHNpsyIhr8yyMpTLLxAbkaK8ArIBcmZIRiBLiDhjeqvXolaEmDGmELFuX9I4xDcaKKcJl+TKZLqruBbmWA==",
      "license": "MIT",
      "dependencies": {
        "css-line-break": "^2.1.0",
        "text-segmentation": "^1.0.3"
      },
      "engines": {
        "node": ">=8.0.0"
      }
    },
    "node_modules/isexe": {
      "version": "2.0.0",
      "resolved": "https://registry.npmjs.org/isexe/-/isexe-2.0.0.tgz",
      "integrity": "sha512-RHxMLp9lnKHGHRng9QFhRCMbYAcVpn69smSGcq3f36xjgVVWThj4qqLbTLlq7Ssj8B+fIQ1EuCEGI2lKsyQeIw==",
      "license": "ISC"
    },
    "node_modules/long": {
      "version": "5.3.2",
      "resolved": "https://registry.npmjs.org/long/-/long-5.3.2.tgz",
      "integrity": "sha512-mNAgZ1GmyNhD7AuqnTG3/VQ26o760+ZYBPKjPvugO8+nLbYfX6TVpJPseBvopbdY+qpZ/lKUnmEc1LeZYS3QAA==",
      "license": "Apache-2.0"
    },
    "node_modules/mitt": {
      "version": "3.0.1",
      "resolved": "https://registry.npmjs.org/mitt/-/mitt-3.0.1.tgz",
      "integrity": "sha512-vKivATfr97l2/QBCYAkXYDbrIWPM2IIKEl7YPhjCvKlG3kE2gm+uBo6nEXK3M5/Ffh/FLpKExzOQ3JJoJGFKBw==",
      "license": "MIT"
    },
    "node_modules/path-key": {
      "version": "3.1.1",
      "resolved": "https://registry.npmjs.org/path-key/-/path-key-3.1.1.tgz",
      "integrity": "sha512-ojmeN0qd+y0jszEtoY48r0Peq5dwMEkIlCOu6Q5f41lfkswXuKtYrhgoTpLnyIcHm24Uhqx+5Tqm2InSwLhE6Q==",
      "license": "MIT",
      "engines": {
        "node": ">=8"
      }
    },
    "node_modules/posthog-js": {
      "version": "1.364.1",
      "resolved": "https://registry.npmjs.org/posthog-js/-/posthog-js-1.364.1.tgz",
      "integrity": "sha512-7nR2lfxKKqv5SeC+OjeWkWXfK/4RbXxRiqmSAW214y+FuDFVS+Li0mPzTBC/V20uHPWtd92ptrctpY/jKj0F7w==",
      "license": "SEE LICENSE IN LICENSE",
      "dependencies": {
        "@opentelemetry/api": "^1.9.0",
        "@opentelemetry/api-logs": "^0.208.0",
        "@opentelemetry/exporter-logs-otlp-http": "^0.208.0",
        "@opentelemetry/resources": "^2.2.0",
        "@opentelemetry/sdk-logs": "^0.208.0",
        "@posthog/core": "1.24.3",
        "@posthog/types": "1.364.1",
        "core-js": "^3.38.1",
        "dompurify": "^3.3.2",
        "fflate": "^0.4.8",
        "preact": "^10.28.2",
        "query-selector-shadow-dom": "^1.0.1",
        "web-vitals": "^5.1.0"
      }
    },
    "node_modules/preact": {
      "version": "10.29.0",
      "resolved": "https://registry.npmjs.org/preact/-/preact-10.29.0.tgz",
      "integrity": "sha512-wSAGyk2bYR1c7t3SZ3jHcM6xy0lcBcDel6lODcs9ME6Th++Dx2KU+6D3HD8wMMKGA8Wpw7OMd3/4RGzYRpzwRg==",
      "license": "MIT",
      "funding": {
        "type": "opencollective",
        "url": "https://opencollective.com/preact"
      }
    },
    "node_modules/protobufjs": {
      "version": "7.5.4",
      "resolved": "https://registry.npmjs.org/protobufjs/-/protobufjs-7.5.4.tgz",
      "integrity": "sha512-CvexbZtbov6jW2eXAvLukXjXUW1TzFaivC46BpWc/3BpcCysb5Vffu+B3XHMm8lVEuy2Mm4XGex8hBSg1yapPg==",
      "hasInstallScript": true,
      "license": "BSD-3-Clause",
      "dependencies": {
        "@protobufjs/aspromise": "^1.1.2",
        "@protobufjs/base64": "^1.1.2",
        "@protobufjs/codegen": "^2.0.4",
        "@protobufjs/eventemitter": "^1.1.0",
        "@protobufjs/fetch": "^1.1.0",
        "@protobufjs/float": "^1.0.2",
        "@protobufjs/inquire": "^1.1.0",
        "@protobufjs/path": "^1.1.2",
        "@protobufjs/pool": "^1.1.0",
        "@protobufjs/utf8": "^1.1.0",
        "@types/node": ">=13.7.0",
        "long": "^5.0.0"
      },
      "engines": {
        "node": ">=12.0.0"
      }
    },
    "node_modules/query-selector-shadow-dom": {
      "version": "1.0.1",
      "resolved": "https://registry.npmjs.org/query-selector-shadow-dom/-/query-selector-shadow-dom-1.0.1.tgz",
      "integrity": "sha512-lT5yCqEBgfoMYpf3F2xQRK7zEr1rhIIZuceDK6+xRkJQ4NMbHTwXqk4NkwDwQMNqXgG9r9fyHnzwNVs6zV5KRw==",
      "license": "MIT"
    },
    "node_modules/rrdom": {
      "version": "0.1.7",
      "resolved": "https://registry.npmjs.org/rrdom/-/rrdom-0.1.7.tgz",
      "integrity": "sha512-ZLd8f14z9pUy2Hk9y636cNv5Y2BMnNEY99wxzW9tD2BLDfe1xFxtLjB4q/xCBYo6HRe0wofzKzjm4JojmpBfFw==",
      "license": "MIT",
      "dependencies": {
        "rrweb-snapshot": "^2.0.0-alpha.4"
      }
    },
    "node_modules/rrweb": {
      "version": "2.0.0-alpha.4",
      "resolved": "https://registry.npmjs.org/rrweb/-/rrweb-2.0.0-alpha.4.tgz",
      "integrity": "sha512-wEHUILbxDPcNwkM3m4qgPgXAiBJyqCbbOHyVoNEVBJzHszWEFYyTbrZqUdeb1EfmTRC2PsumCIkVcomJ/xcOzA==",
      "license": "MIT",
      "dependencies": {
        "@rrweb/types": "^2.0.0-alpha.4",
        "@types/css-font-loading-module": "0.0.7",
        "@xstate/fsm": "^1.4.0",
        "base64-arraybuffer": "^1.0.1",
        "fflate": "^0.4.4",
        "mitt": "^3.0.0",
        "rrdom": "^0.1.7",
        "rrweb-snapshot": "^2.0.0-alpha.4"
      }
    },
    "node_modules/rrweb-player": {
      "version": "1.0.0-alpha.4",
      "resolved": "https://registry.npmjs.org/rrweb-player/-/rrweb-player-1.0.0-alpha.4.tgz",
      "integrity": "sha512-Wlmn9GZ5Fdqa37vd3TzsYdLl/JWEvXNUrLCrYpnOwEgmY409HwVIvvA5aIo7k582LoKgdRCsB87N+f0oWAR0Kg==",
      "license": "MIT",
      "dependencies": {
        "@tsconfig/svelte": "^1.0.0",
        "rrweb": "^2.0.0-alpha.4"
      }
    },
    "node_modules/rrweb-snapshot": {
      "version": "2.0.0-alpha.4",
      "resolved": "https://registry.npmjs.org/rrweb-snapshot/-/rrweb-snapshot-2.0.0-alpha.4.tgz",
      "integrity": "sha512-KQ2OtPpXO5jLYqg1OnXS/Hf+EzqnZyP5A+XPqBCjYpj3XIje/Od4gdUwjbFo3cVuWq5Cw5Y1d3/xwgIS7/XpQQ==",
      "license": "MIT"
    },
    "node_modules/shebang-command": {
      "version": "2.0.0",
      "resolved": "https://registry.npmjs.org/shebang-command/-/shebang-command-2.0.0.tgz",
      "integrity": "sha512-kHxr2zZpYtdmrN1qDjrrX/Z1rR1kG8Dx+gkpK1G4eXmvXswmcE1hTWBWYUzlraYw1/yZp6YuDY77YtvbN0dmDA==",
      "license": "MIT",
      "dependencies": {
        "shebang-regex": "^3.0.0"
      },
      "engines": {
        "node": ">=8"
      }
    },
    "node_modules/shebang-regex": {
      "version": "3.0.0",
      "resolved": "https://registry.npmjs.org/shebang-regex/-/shebang-regex-3.0.0.tgz",
      "integrity": "sha512-7++dFhtcx3353uBaq8DDR4NuxBetBzC7ZQOhmTQInHEd6bSrXdiEyzCvG07Z44UYdLShWUyXt5M/yhz8ekcb1A==",
      "license": "MIT",
      "engines": {
        "node": ">=8"
      }
    },
    "node_modules/text-segmentation": {
      "version": "1.0.3",
      "resolved": "https://registry.npmjs.org/text-segmentation/-/text-segmentation-1.0.3.tgz",
      "integrity": "sha512-iOiPUo/BGnZ6+54OsWxZidGCsdU8YbE4PSpdPinp7DeMtUJNJBoJ/ouUSTJjHkh1KntHaltHl/gDs2FC4i5+Nw==",
      "license": "MIT",
      "dependencies": {
        "utrie": "^1.0.2"
      }
    },
    "node_modules/undici-types": {
      "version": "7.18.2",
      "resolved": "https://registry.npmjs.org/undici-types/-/undici-types-7.18.2.tgz",
      "integrity": "sha512-AsuCzffGHJybSaRrmr5eHr81mwJU3kjw6M+uprWvCXiNeN9SOGwQ3Jn8jb8m3Z6izVgknn1R0FTCEAP2QrLY/w==",
      "license": "MIT"
    },
    "node_modules/utrie": {
      "version": "1.0.2",
      "resolved": "https://registry.npmjs.org/utrie/-/utrie-1.0.2.tgz",
      "integrity": "sha512-1MLa5ouZiOmQzUbjbu9VmjLzn1QLXBhwpUa7kdLUQK+KQ5KA9I1vk5U4YHe/X2Ch7PYnJfWuWT+VbuxbGwljhw==",
      "license": "MIT",
      "dependencies": {
        "base64-arraybuffer": "^1.0.2"
      }
    },
    "node_modules/web-vitals": {
      "version": "5.2.0",
      "resolved": "https://registry.npmjs.org/web-vitals/-/web-vitals-5.2.0.tgz",
      "integrity": "sha512-i2z98bEmaCqSDiHEDu+gHl/dmR4Q+TxFmG3/13KkMO+o8UxQzCqWaDRCiLgEa41nlO4VpXSI0ASa1xWmO9sBlA==",
      "license": "Apache-2.0"
    },
    "node_modules/which": {
      "version": "2.0.2",
      "resolved": "https://registry.npmjs.org/which/-/which-2.0.2.tgz",
      "integrity": "sha512-BLI3Tl1TW3Pvl70l3yq3Y64i+awpwXqsGBYWkkqMtnbXgrMD+yj7rhW0kuEDxzJaYXGjEW5ogapKNMEKNMjibA==",
      "license": "ISC",
      "dependencies": {
        "isexe": "^2.0.0"
      },
      "bin": {
        "node-which": "bin/node-which"
      },
      "engines": {
        "node": ">= 8"
      }
    }
  }
}
